{
  "nodes": {
    "basejump-stl": {
      "flake": false,
      "locked": {
        "lastModified": 1774561729,
        "narHash": "sha256-7/u2qBhd4qNwQI/KUe+Ka+i6cz2/ZJkphBXjRKduf+4=",
        "owner": "bespoke-silicon-group",
        "repo": "basejump_stl",
        "rev": "a43571d2eaaae2dda7c10490e8350dfdac7da878",
        "type": "github"
      },
      "original": {
        "owner": "bespoke-silicon-group",
        "repo": "basejump_stl",
        "rev": "a43571d2eaaae2dda7c10490e8350dfdac7da878",
        "type": "github"
      }
    },
    "nixpkgs": {
      "locked": {
        "lastModified": 1777954456,
        "narHash": "sha256-hGdgeU2Nk87RAuZyYjyDjFL6LK7dAZN5RE9+hrDTkDU=",
        "owner": "NixOS",
        "repo": "nixpkgs",
        "rev": "549bd84d6279f9852cae6225e372cc67fb91a4c1",
        "type": "github"
      },
      "original": {
        "owner": "NixOS",
        "ref": "nixos-unstable",
        "repo": "nixpkgs",
        "type": "github"
      }
    },
    "root": {
      "inputs": {
        "basejump-stl": "basejump-stl",
        "nixpkgs": "nixpkgs",
        "yosys-slang": "yosys-slang"
      }
    },
    "yosys-slang": {
      "flake": false,
      "locked": {
        "lastModified": 1777998465,
        "narHash": "sha256-uFwmeZnJkPLcwnnbBoV85zdbaWWp57bnv6wyvJPfQas=",
        "ref": "refs/heads/master",
        "rev": "4b4554f2be91d7f044406a6535b58c3803f76c78",
        "revCount": 632,
        "submodules": true,
        "type": "git",
        "url": "https://github.com/povik/yosys-slang"
      },
      "original": {
        "submodules": true,
        "type": "git",
        "url": "https://github.com/povik/yosys-slang"
      }
    }
  },
  "root": "root",
  "version": 7
}
